
Microsoft Visual Studio Solution File, Format Version 12.00
# Visual Studio Version 17
VisualStudioVersion = 17.10.35027.167
MinimumVisualStudioVersion = 10.0.40219.1
Project("{2150E333-8FDC-42A3-9474-1A3956D46DE8}") = "src", "src", "{DDBC697E-B6FB-4DA8-B9C4-26A4C4A40BA3}"
EndProject
Project("{2150E333-8FDC-42A3-9474-1A3956D46DE8}") = "tests", "tests", "{EBF1E130-2F9D-47D9-BF63-CE74922C4B35}"
EndProject
Project("{9A19103F-16F7-4668-BE54-9A1E7A4F7556}") = "Lodge.Api", "Lodge.Api\Lodge.Api.csproj", "{0A6B513D-5F7A-4A0C-B4D8-A8C4E04D2975}"
EndProject
Project("{E53339B2-1760-4266-BCC7-CA923CBCF16C}") = "docker-compose", "docker-compose.dcproj", "{48FBF8AA-7815-488A-A48D-BA2A8B843217}"
EndProject
Project("{9A19103F-16F7-4668-BE54-9A1E7A4F7556}") = "Lodge.Domain", "Lodge.Domain\Lodge.Domain.csproj", "{47DC3295-F081-4C3B-9788-66373DC418A6}"
EndProject
Project("{9A19103F-16F7-4668-BE54-9A1E7A4F7556}") = "Lodge.Application", "Lodge.Application\Lodge.Application.csproj", "{D1B87E46-2019-4639-9016-90A358B57B7B}"
EndProject
Project("{9A19103F-16F7-4668-BE54-9A1E7A4F7556}") = "Lodge.Infrastructure", "Lodge.Infrastructure\Lodge.Infrastructure.csproj", "{AB251439-D0DE-4C20-8D62-7A8A2799505C}"
EndProject
Project("{9A19103F-16F7-4668-BE54-9A1E7A4F7556}") = "Lodge.Contracts", "Lodge.Contracts\Lodge.Contracts.csproj", "{039ACF2F-88C0-463D-B2FD-A9C3087977A0}"
EndProject
Project("{9A19103F-16F7-4668-BE54-9A1E7A4F7556}") = "Lodge.Persistence", "Lodge.Persistence\Lodge.Persistence.csproj", "{ADE41C67-4229-40CE-85FB-E4B3E7D7B9BA}"
EndProject
Project("{9A19103F-16F7-4668-BE54-9A1E7A4F7556}") = "Lodge.BackgroundTasks", "Lodge.BackgroundTasks\Lodge.BackgroundTasks.csproj", "{5CC0EA3E-04FD-4E7A-ADA9-CC64579E4D42}"
EndProject
Project("{2150E333-8FDC-42A3-9474-1A3956D46DE8}") = "api", "api", "{D735B9AB-7629-4E25-B013-F8EB9567BD86}"
EndProject
Project("{9A19103F-16F7-4668-BE54-9A1E7A4F7556}") = "Lodge.Presentation", "Lodge.Presentation\Lodge.Presentation.csproj", "{642A0B38-F30D-4423-8DD2-01C45E1B2227}"
EndProject
Global
	GlobalSection(SolutionConfigurationPlatforms) = preSolution
		Debug|Any CPU = Debug|Any CPU
		Release|Any CPU = Release|Any CPU
	EndGlobalSection
	GlobalSection(ProjectConfigurationPlatforms) = postSolution
		{0A6B513D-5F7A-4A0C-B4D8-A8C4E04D2975}.Debug|Any CPU.ActiveCfg = Debug|Any CPU
		{0A6B513D-5F7A-4A0C-B4D8-A8C4E04D2975}.Debug|Any CPU.Build.0 = Debug|Any CPU
		{0A6B513D-5F7A-4A0C-B4D8-A8C4E04D2975}.Release|Any CPU.ActiveCfg = Release|Any CPU
		{0A6B513D-5F7A-4A0C-B4D8-A8C4E04D2975}.Release|Any CPU.Build.0 = Release|Any CPU
		{48FBF8AA-7815-488A-A48D-BA2A8B843217}.Debug|Any CPU.ActiveCfg = Debug|Any CPU
		{48FBF8AA-7815-488A-A48D-BA2A8B843217}.Debug|Any CPU.Build.0 = Debug|Any CPU
		{48FBF8AA-7815-488A-A48D-BA2A8B843217}.Release|Any CPU.ActiveCfg = Release|Any CPU
		{48FBF8AA-7815-488A-A48D-BA2A8B843217}.Release|Any CPU.Build.0 = Release|Any CPU
		{47DC3295-F081-4C3B-9788-66373DC418A6}.Debug|Any CPU.ActiveCfg = Debug|Any CPU
		{47DC3295-F081-4C3B-9788-66373DC418A6}.Debug|Any CPU.Build.0 = Debug|Any CPU
		{47DC3295-F081-4C3B-9788-66373DC418A6}.Release|Any CPU.ActiveCfg = Release|Any CPU
		{47DC3295-F081-4C3B-9788-66373DC418A6}.Release|Any CPU.Build.0 = Release|Any CPU
		{D1B87E46-2019-4639-9016-90A358B57B7B}.Debug|Any CPU.ActiveCfg = Debug|Any CPU
		{D1B87E46-2019-4639-9016-90A358B57B7B}.Debug|Any CPU.Build.0 = Debug|Any CPU
		{D1B87E46-2019-4639-9016-90A358B57B7B}.Release|Any CPU.ActiveCfg = Release|Any CPU
		{D1B87E46-2019-4639-9016-90A358B57B7B}.Release|Any CPU.Build.0 = Release|Any CPU
		{AB251439-D0DE-4C20-8D62-7A8A2799505C}.Debug|Any CPU.ActiveCfg = Debug|Any CPU
		{AB251439-D0DE-4C20-8D62-7A8A2799505C}.Debug|Any CPU.Build.0 = Debug|Any CPU
		{AB251439-D0DE-4C20-8D62-7A8A2799505C}.Release|Any CPU.ActiveCfg = Release|Any CPU
		{AB251439-D0DE-4C20-8D62-7A8A2799505C}.Release|Any CPU.Build.0 = Release|Any CPU
		{039ACF2F-88C0-463D-B2FD-A9C3087977A0}.Debug|Any CPU.ActiveCfg = Debug|Any CPU
		{039ACF2F-88C0-463D-B2FD-A9C3087977A0}.Debug|Any CPU.Build.0 = Debug|Any CPU
		{039ACF2F-88C0-463D-B2FD-A9C3087977A0}.Release|Any CPU.ActiveCfg = Release|Any CPU
		{039ACF2F-88C0-463D-B2FD-A9C3087977A0}.Release|Any CPU.Build.0 = Release|Any CPU
		{ADE41C67-4229-40CE-85FB-E4B3E7D7B9BA}.Debug|Any CPU.ActiveCfg = Debug|Any CPU
		{ADE41C67-4229-40CE-85FB-E4B3E7D7B9BA}.Debug|Any CPU.Build.0 = Debug|Any CPU
		{ADE41C67-4229-40CE-85FB-E4B3E7D7B9BA}.Release|Any CPU.ActiveCfg = Release|Any CPU
		{ADE41C67-4229-40CE-85FB-E4B3E7D7B9BA}.Release|Any CPU.Build.0 = Release|Any CPU
		{5CC0EA3E-04FD-4E7A-ADA9-CC64579E4D42}.Debug|Any CPU.ActiveCfg = Debug|Any CPU
		{5CC0EA3E-04FD-4E7A-ADA9-CC64579E4D42}.Debug|Any CPU.Build.0 = Debug|Any CPU
		{5CC0EA3E-04FD-4E7A-ADA9-CC64579E4D42}.Release|Any CPU.ActiveCfg = Release|Any CPU
		{5CC0EA3E-04FD-4E7A-ADA9-CC64579E4D42}.Release|Any CPU.Build.0 = Release|Any CPU
		{642A0B38-F30D-4423-8DD2-01C45E1B2227}.Debug|Any CPU.ActiveCfg = Debug|Any CPU
		{642A0B38-F30D-4423-8DD2-01C45E1B2227}.Debug|Any CPU.Build.0 = Debug|Any CPU
		{642A0B38-F30D-4423-8DD2-01C45E1B2227}.Release|Any CPU.ActiveCfg = Release|Any CPU
		{642A0B38-F30D-4423-8DD2-01C45E1B2227}.Release|Any CPU.Build.0 = Release|Any CPU
	EndGlobalSection
	GlobalSection(SolutionProperties) = preSolution
		HideSolutionNode = FALSE
	EndGlobalSection
	GlobalSection(NestedProjects) = preSolution
		{0A6B513D-5F7A-4A0C-B4D8-A8C4E04D2975} = {D735B9AB-7629-4E25-B013-F8EB9567BD86}
		{47DC3295-F081-4C3B-9788-66373DC418A6} = {D735B9AB-7629-4E25-B013-F8EB9567BD86}
		{D1B87E46-2019-4639-9016-90A358B57B7B} = {D735B9AB-7629-4E25-B013-F8EB9567BD86}
		{AB251439-D0DE-4C20-8D62-7A8A2799505C} = {D735B9AB-7629-4E25-B013-F8EB9567BD86}
		{039ACF2F-88C0-463D-B2FD-A9C3087977A0} = {D735B9AB-7629-4E25-B013-F8EB9567BD86}
		{ADE41C67-4229-40CE-85FB-E4B3E7D7B9BA} = {D735B9AB-7629-4E25-B013-F8EB9567BD86}
		{5CC0EA3E-04FD-4E7A-ADA9-CC64579E4D42} = {D735B9AB-7629-4E25-B013-F8EB9567BD86}
		{D735B9AB-7629-4E25-B013-F8EB9567BD86} = {DDBC697E-B6FB-4DA8-B9C4-26A4C4A40BA3}
		{642A0B38-F30D-4423-8DD2-01C45E1B2227} = {D735B9AB-7629-4E25-B013-F8EB9567BD86}
	EndGlobalSection
	GlobalSection(ExtensibilityGlobals) = postSolution
		SolutionGuid = {4BE4A85F-5DA6-4767-9A18-21D604B037D2}
	EndGlobalSection
EndGlobal
