
Microsoft Visual Studio Solution File, Format Version 12.00
# Visual Studio Version 17
VisualStudioVersion = 17.10.35027.167
MinimumVisualStudioVersion = 10.0.40219.1
Project("{2150E333-8FDC-42A3-9474-1A3956D46DE8}") = "src", "src", "{DDBC697E-B6FB-4DA8-B9C4-26A4C4A40BA3}"
EndProject
Project("{2150E333-8FDC-42A3-9474-1A3956D46DE8}") = "tests", "tests", "{EBF1E130-2F9D-47D9-BF63-CE74922C4B35}"
EndProject
Project("{E53339B2-1760-4266-BCC7-CA923CBCF16C}") = "docker-compose", "docker-compose.dcproj", "{48FBF8AA-7815-488A-A48D-BA2A8B843217}"
EndProject
Project("{2150E333-8FDC-42A3-9474-1A3956D46DE8}") = "api", "api", "{D735B9AB-7629-4E25-B013-F8EB9567BD86}"
EndProject
Project("{9A19103F-16F7-4668-BE54-9A1E7A4F7556}") = "Lodge.Api", "src\backend\Lodge.Api\Lodge.Api.csproj", "{7EE0CD8C-A261-43C4-B6A7-A74D95DE4978}"
EndProject
Project("{9A19103F-16F7-4668-BE54-9A1E7A4F7556}") = "Lodge.Application", "src\backend\Lodge.Application\Lodge.Application.csproj", "{77F797C1-6B84-486A-AB13-1EDC0A40634E}"
EndProject
Project("{9A19103F-16F7-4668-BE54-9A1E7A4F7556}") = "Lodge.BackgroundTasks", "src\backend\Lodge.BackgroundTasks\Lodge.BackgroundTasks.csproj", "{46DA2105-6D17-43F1-AD86-44C757810F31}"
EndProject
Project("{9A19103F-16F7-4668-BE54-9A1E7A4F7556}") = "Lodge.Contracts", "src\backend\Lodge.Contracts\Lodge.Contracts.csproj", "{5E172C1F-D579-455E-BC54-5C74F8346E6C}"
EndProject
Project("{9A19103F-16F7-4668-BE54-9A1E7A4F7556}") = "Lodge.Domain", "src\backend\Lodge.Domain\Lodge.Domain.csproj", "{3CD693DD-D8BD-472E-8FDE-41A6389E5861}"
EndProject
Project("{9A19103F-16F7-4668-BE54-9A1E7A4F7556}") = "Lodge.Infrastructure", "src\backend\Lodge.Infrastructure\Lodge.Infrastructure.csproj", "{F4B06411-CF2E-4597-B28E-D5A275DAF9B4}"
EndProject
Project("{9A19103F-16F7-4668-BE54-9A1E7A4F7556}") = "Lodge.Persistence", "src\backend\Lodge.Persistence\Lodge.Persistence.csproj", "{C024F454-775A-4969-8E08-CE64015323E7}"
EndProject
Project("{9A19103F-16F7-4668-BE54-9A1E7A4F7556}") = "Lodge.Presentation", "src\backend\Lodge.Presentation\Lodge.Presentation.csproj", "{003A0AE5-4776-4B58-8B82-F0F009A107C3}"
EndProject
Project("{9A19103F-16F7-4668-BE54-9A1E7A4F7556}") = "ArchitectureTests", "src\backend\ArchitectureTests\ArchitectureTests.csproj", "{ADC8E672-09D0-4CBA-8981-67253317ECF2}"
EndProject
Project("{9A19103F-16F7-4668-BE54-9A1E7A4F7556}") = "Domain.UnitTests", "src\backend\Domain.UnitTests\Domain.UnitTests.csproj", "{6D334DB7-B0B1-4F68-92AE-B896834ECB68}"
EndProject
Project("{2150E333-8FDC-42A3-9474-1A3956D46DE8}") = "gateway", "gateway", "{BF2DF6FC-DF43-4311-8847-A2C7BC828626}"
EndProject
Project("{FAE04EC0-301F-11D3-BF4B-00C04F79EFBC}") = "Yarp.Balancer", "src\backend\Yarp.Balancer\Yarp.Balancer.csproj", "{F711FFFE-0602-4531-91B5-2A466C479FDE}"
EndProject
Global
	GlobalSection(SolutionConfigurationPlatforms) = preSolution
		Debug|Any CPU = Debug|Any CPU
		Release|Any CPU = Release|Any CPU
	EndGlobalSection
	GlobalSection(ProjectConfigurationPlatforms) = postSolution
		{48FBF8AA-7815-488A-A48D-BA2A8B843217}.Debug|Any CPU.ActiveCfg = Debug|Any CPU
		{48FBF8AA-7815-488A-A48D-BA2A8B843217}.Debug|Any CPU.Build.0 = Debug|Any CPU
		{48FBF8AA-7815-488A-A48D-BA2A8B843217}.Release|Any CPU.ActiveCfg = Release|Any CPU
		{48FBF8AA-7815-488A-A48D-BA2A8B843217}.Release|Any CPU.Build.0 = Release|Any CPU
		{7EE0CD8C-A261-43C4-B6A7-A74D95DE4978}.Debug|Any CPU.ActiveCfg = Debug|Any CPU
		{7EE0CD8C-A261-43C4-B6A7-A74D95DE4978}.Debug|Any CPU.Build.0 = Debug|Any CPU
		{7EE0CD8C-A261-43C4-B6A7-A74D95DE4978}.Release|Any CPU.ActiveCfg = Release|Any CPU
		{7EE0CD8C-A261-43C4-B6A7-A74D95DE4978}.Release|Any CPU.Build.0 = Release|Any CPU
		{77F797C1-6B84-486A-AB13-1EDC0A40634E}.Debug|Any CPU.ActiveCfg = Debug|Any CPU
		{77F797C1-6B84-486A-AB13-1EDC0A40634E}.Debug|Any CPU.Build.0 = Debug|Any CPU
		{77F797C1-6B84-486A-AB13-1EDC0A40634E}.Release|Any CPU.ActiveCfg = Release|Any CPU
		{77F797C1-6B84-486A-AB13-1EDC0A40634E}.Release|Any CPU.Build.0 = Release|Any CPU
		{46DA2105-6D17-43F1-AD86-44C757810F31}.Debug|Any CPU.ActiveCfg = Debug|Any CPU
		{46DA2105-6D17-43F1-AD86-44C757810F31}.Debug|Any CPU.Build.0 = Debug|Any CPU
		{46DA2105-6D17-43F1-AD86-44C757810F31}.Release|Any CPU.ActiveCfg = Release|Any CPU
		{46DA2105-6D17-43F1-AD86-44C757810F31}.Release|Any CPU.Build.0 = Release|Any CPU
		{5E172C1F-D579-455E-BC54-5C74F8346E6C}.Debug|Any CPU.ActiveCfg = Debug|Any CPU
		{5E172C1F-D579-455E-BC54-5C74F8346E6C}.Debug|Any CPU.Build.0 = Debug|Any CPU
		{5E172C1F-D579-455E-BC54-5C74F8346E6C}.Release|Any CPU.ActiveCfg = Release|Any CPU
		{5E172C1F-D579-455E-BC54-5C74F8346E6C}.Release|Any CPU.Build.0 = Release|Any CPU
		{3CD693DD-D8BD-472E-8FDE-41A6389E5861}.Debug|Any CPU.ActiveCfg = Debug|Any CPU
		{3CD693DD-D8BD-472E-8FDE-41A6389E5861}.Debug|Any CPU.Build.0 = Debug|Any CPU
		{3CD693DD-D8BD-472E-8FDE-41A6389E5861}.Release|Any CPU.ActiveCfg = Release|Any CPU
		{3CD693DD-D8BD-472E-8FDE-41A6389E5861}.Release|Any CPU.Build.0 = Release|Any CPU
		{F4B06411-CF2E-4597-B28E-D5A275DAF9B4}.Debug|Any CPU.ActiveCfg = Debug|Any CPU
		{F4B06411-CF2E-4597-B28E-D5A275DAF9B4}.Debug|Any CPU.Build.0 = Debug|Any CPU
		{F4B06411-CF2E-4597-B28E-D5A275DAF9B4}.Release|Any CPU.ActiveCfg = Release|Any CPU
		{F4B06411-CF2E-4597-B28E-D5A275DAF9B4}.Release|Any CPU.Build.0 = Release|Any CPU
		{C024F454-775A-4969-8E08-CE64015323E7}.Debug|Any CPU.ActiveCfg = Debug|Any CPU
		{C024F454-775A-4969-8E08-CE64015323E7}.Debug|Any CPU.Build.0 = Debug|Any CPU
		{C024F454-775A-4969-8E08-CE64015323E7}.Release|Any CPU.ActiveCfg = Release|Any CPU
		{C024F454-775A-4969-8E08-CE64015323E7}.Release|Any CPU.Build.0 = Release|Any CPU
		{003A0AE5-4776-4B58-8B82-F0F009A107C3}.Debug|Any CPU.ActiveCfg = Debug|Any CPU
		{003A0AE5-4776-4B58-8B82-F0F009A107C3}.Debug|Any CPU.Build.0 = Debug|Any CPU
		{003A0AE5-4776-4B58-8B82-F0F009A107C3}.Release|Any CPU.ActiveCfg = Release|Any CPU
		{003A0AE5-4776-4B58-8B82-F0F009A107C3}.Release|Any CPU.Build.0 = Release|Any CPU
		{ADC8E672-09D0-4CBA-8981-67253317ECF2}.Debug|Any CPU.ActiveCfg = Debug|Any CPU
		{ADC8E672-09D0-4CBA-8981-67253317ECF2}.Debug|Any CPU.Build.0 = Debug|Any CPU
		{ADC8E672-09D0-4CBA-8981-67253317ECF2}.Release|Any CPU.ActiveCfg = Release|Any CPU
		{ADC8E672-09D0-4CBA-8981-67253317ECF2}.Release|Any CPU.Build.0 = Release|Any CPU
		{6D334DB7-B0B1-4F68-92AE-B896834ECB68}.Debug|Any CPU.ActiveCfg = Debug|Any CPU
		{6D334DB7-B0B1-4F68-92AE-B896834ECB68}.Debug|Any CPU.Build.0 = Debug|Any CPU
		{6D334DB7-B0B1-4F68-92AE-B896834ECB68}.Release|Any CPU.ActiveCfg = Release|Any CPU
		{6D334DB7-B0B1-4F68-92AE-B896834ECB68}.Release|Any CPU.Build.0 = Release|Any CPU
		{F711FFFE-0602-4531-91B5-2A466C479FDE}.Debug|Any CPU.ActiveCfg = Debug|Any CPU
		{F711FFFE-0602-4531-91B5-2A466C479FDE}.Debug|Any CPU.Build.0 = Debug|Any CPU
		{F711FFFE-0602-4531-91B5-2A466C479FDE}.Release|Any CPU.ActiveCfg = Release|Any CPU
		{F711FFFE-0602-4531-91B5-2A466C479FDE}.Release|Any CPU.Build.0 = Release|Any CPU
	EndGlobalSection
	GlobalSection(SolutionProperties) = preSolution
		HideSolutionNode = FALSE
	EndGlobalSection
	GlobalSection(NestedProjects) = preSolution
		{D735B9AB-7629-4E25-B013-F8EB9567BD86} = {DDBC697E-B6FB-4DA8-B9C4-26A4C4A40BA3}
		{7EE0CD8C-A261-43C4-B6A7-A74D95DE4978} = {D735B9AB-7629-4E25-B013-F8EB9567BD86}
		{77F797C1-6B84-486A-AB13-1EDC0A40634E} = {D735B9AB-7629-4E25-B013-F8EB9567BD86}
		{46DA2105-6D17-43F1-AD86-44C757810F31} = {D735B9AB-7629-4E25-B013-F8EB9567BD86}
		{5E172C1F-D579-455E-BC54-5C74F8346E6C} = {D735B9AB-7629-4E25-B013-F8EB9567BD86}
		{3CD693DD-D8BD-472E-8FDE-41A6389E5861} = {D735B9AB-7629-4E25-B013-F8EB9567BD86}
		{F4B06411-CF2E-4597-B28E-D5A275DAF9B4} = {D735B9AB-7629-4E25-B013-F8EB9567BD86}
		{C024F454-775A-4969-8E08-CE64015323E7} = {D735B9AB-7629-4E25-B013-F8EB9567BD86}
		{003A0AE5-4776-4B58-8B82-F0F009A107C3} = {D735B9AB-7629-4E25-B013-F8EB9567BD86}
		{ADC8E672-09D0-4CBA-8981-67253317ECF2} = {EBF1E130-2F9D-47D9-BF63-CE74922C4B35}
		{6D334DB7-B0B1-4F68-92AE-B896834ECB68} = {EBF1E130-2F9D-47D9-BF63-CE74922C4B35}
		{BF2DF6FC-DF43-4311-8847-A2C7BC828626} = {DDBC697E-B6FB-4DA8-B9C4-26A4C4A40BA3}
		{F711FFFE-0602-4531-91B5-2A466C479FDE} = {BF2DF6FC-DF43-4311-8847-A2C7BC828626}
	EndGlobalSection
	GlobalSection(ExtensibilityGlobals) = postSolution
		SolutionGuid = {4BE4A85F-5DA6-4767-9A18-21D604B037D2}
	EndGlobalSection
EndGlobal
